
Microsoft Visual Studio Solution File, Format Version 12.00
# Visual Studio Version 16
VisualStudioVersion = 16.0.32228.343
MinimumVisualStudioVersion = 10.0.40219.1
Project("{2150E333-8FDC-42A3-9474-1A3956D46DE8}") = "Docker", "Docker", "{9545B86E-C878-4EB0-B1B1-3B617A5BCD7E}"
	ProjectSection(SolutionItems) = preProject
		Dockerfile = Dockerfile
	EndProjectSection
EndProject
Project("{9A19103F-16F7-4668-BE54-9A1E7A4F7556}") = "Itau.Cl.RF.CustomerScoreAlert.API", "Itau.Cl.RF.CustomerScoreAlert.Api\Itau.Cl.RF.CustomerScoreAlert.API.csproj", "{DFCAC30B-3267-429B-A14F-3447824A2588}"
EndProject
Project("{9A19103F-16F7-4668-BE54-9A1E7A4F7556}") = "Itau.Cl.Rf.CustomerScoreAlert.Bll", "Itau.Cl.Rf.CustomerScoreAlert.Bll\Itau.Cl.Rf.CustomerScoreAlert.Bll.csproj", "{5DC4E4E1-13DB-442B-8984-28E75269AB9A}"
EndProject
Project("{9A19103F-16F7-4668-BE54-9A1E7A4F7556}") = "Itau.Cl.RF.CustomerScoreAlert.Domain", "Itau.Cl.RF.CustomerScoreAlert.Domain\Itau.Cl.RF.CustomerScoreAlert.Domain.csproj", "{CFAC7EB8-9E0A-4D50-8DF5-9AA404DE38F5}"
EndProject
Project("{9A19103F-16F7-4668-BE54-9A1E7A4F7556}") = "Itau.Cl.RF.CustomerScoreAlert.Infra", "Itau.Cl.RF.CustomerScoreAlert.Infra\Itau.Cl.RF.CustomerScoreAlert.Infra.csproj", "{6A151C04-9192-4E3F-8B2E-4DA833A21B71}"
EndProject
Global
	GlobalSection(SolutionConfigurationPlatforms) = preSolution
		Debug|Any CPU = Debug|Any CPU
		Release|Any CPU = Release|Any CPU
	EndGlobalSection
	GlobalSection(ProjectConfigurationPlatforms) = postSolution
		{DFCAC30B-3267-429B-A14F-3447824A2588}.Debug|Any CPU.ActiveCfg = Debug|Any CPU
		{DFCAC30B-3267-429B-A14F-3447824A2588}.Debug|Any CPU.Build.0 = Debug|Any CPU
		{DFCAC30B-3267-429B-A14F-3447824A2588}.Release|Any CPU.ActiveCfg = Release|Any CPU
		{DFCAC30B-3267-429B-A14F-3447824A2588}.Release|Any CPU.Build.0 = Release|Any CPU
		{5DC4E4E1-13DB-442B-8984-28E75269AB9A}.Debug|Any CPU.ActiveCfg = Debug|Any CPU
		{5DC4E4E1-13DB-442B-8984-28E75269AB9A}.Debug|Any CPU.Build.0 = Debug|Any CPU
		{5DC4E4E1-13DB-442B-8984-28E75269AB9A}.Release|Any CPU.ActiveCfg = Release|Any CPU
		{5DC4E4E1-13DB-442B-8984-28E75269AB9A}.Release|Any CPU.Build.0 = Release|Any CPU
		{CFAC7EB8-9E0A-4D50-8DF5-9AA404DE38F5}.Debug|Any CPU.ActiveCfg = Debug|Any CPU
		{CFAC7EB8-9E0A-4D50-8DF5-9AA404DE38F5}.Debug|Any CPU.Build.0 = Debug|Any CPU
		{CFAC7EB8-9E0A-4D50-8DF5-9AA404DE38F5}.Release|Any CPU.ActiveCfg = Release|Any CPU
		{CFAC7EB8-9E0A-4D50-8DF5-9AA404DE38F5}.Release|Any CPU.Build.0 = Release|Any CPU
		{6A151C04-9192-4E3F-8B2E-4DA833A21B71}.Debug|Any CPU.ActiveCfg = Debug|Any CPU
		{6A151C04-9192-4E3F-8B2E-4DA833A21B71}.Debug|Any CPU.Build.0 = Debug|Any CPU
		{6A151C04-9192-4E3F-8B2E-4DA833A21B71}.Release|Any CPU.ActiveCfg = Release|Any CPU
		{6A151C04-9192-4E3F-8B2E-4DA833A21B71}.Release|Any CPU.Build.0 = Release|Any CPU
	EndGlobalSection
	GlobalSection(SolutionProperties) = preSolution
		HideSolutionNode = FALSE
	EndGlobalSection
	GlobalSection(ExtensibilityGlobals) = postSolution
		SolutionGuid = {278A7FEC-4A0B-4400-894D-271DCDAFB7F3}
	EndGlobalSection
EndGlobal
